{
  "name": "UCS_Blog",
  "lockfileVersion": 2,
  "requires": true,
  "packages": {
    "": {
      "dependencies": {
        "typescript": "^4.3.0-beta"
      }
    },
    "node_modules/typescript": {
      "version": "4.3.0-beta",
      "resolved": "https://registry.npmjs.org/typescript/-/typescript-4.3.0-beta.tgz",
      "integrity": "sha512-bl3wxSVL6gWLQFa466Vm5Vk3z0BNx+QxWhb9wFiYEHm6H8oqFd8Wo3XjgCVxAa5yiSFFKgo/ngBpXdIwqo5o0A==",
      "bin": {
        "tsc": "bin/tsc",
        "tsserver": "bin/tsserver"
      },
      "engines": {
        "node": ">=4.2.0"
      }
    }
  },
  "dependencies": {
    "typescript": {
      "version": "4.3.0-beta",
      "resolved": "https://registry.npmjs.org/typescript/-/typescript-4.3.0-beta.tgz",
      "integrity": "sha512-bl3wxSVL6gWLQFa466Vm5Vk3z0BNx+QxWhb9wFiYEHm6H8oqFd8Wo3XjgCVxAa5yiSFFKgo/ngBpXdIwqo5o0A=="
    }
  }
}
